
Microsoft Visual Studio Solution File, Format Version 12.00
# Visual Studio Version 16
VisualStudioVersion = 16.0.30517.126
MinimumVisualStudioVersion = 10.0.40219.1
Project("{FAE04EC0-301F-11D3-BF4B-00C04F79EFBC}") = "WebApi", "WebApi\WebApi.csproj", "{38CCCAA0-C7DF-4D41-9F33-A29BC12E694B}"
EndProject
Project("{FAE04EC0-301F-11D3-BF4B-00C04F79EFBC}") = "Forms", "Unidades\Forms.csproj", "{D3B25457-BE2A-4CEB-BCA0-DFC4BEEB76F8}"
EndProject
Global
	GlobalSection(SolutionConfigurationPlatforms) = preSolution
		Debug|Any CPU = Debug|Any CPU
		Release|Any CPU = Release|Any CPU
	EndGlobalSection
	GlobalSection(ProjectConfigurationPlatforms) = postSolution
		{38CCCAA0-C7DF-4D41-9F33-A29BC12E694B}.Debug|Any CPU.ActiveCfg = Debug|Any CPU
		{38CCCAA0-C7DF-4D41-9F33-A29BC12E694B}.Debug|Any CPU.Build.0 = Debug|Any CPU
		{38CCCAA0-C7DF-4D41-9F33-A29BC12E694B}.Release|Any CPU.ActiveCfg = Release|Any CPU
		{38CCCAA0-C7DF-4D41-9F33-A29BC12E694B}.Release|Any CPU.Build.0 = Release|Any CPU
		{D3B25457-BE2A-4CEB-BCA0-DFC4BEEB76F8}.Debug|Any CPU.ActiveCfg = Debug|Any CPU
		{D3B25457-BE2A-4CEB-BCA0-DFC4BEEB76F8}.Debug|Any CPU.Build.0 = Debug|Any CPU
		{D3B25457-BE2A-4CEB-BCA0-DFC4BEEB76F8}.Release|Any CPU.ActiveCfg = Release|Any CPU
		{D3B25457-BE2A-4CEB-BCA0-DFC4BEEB76F8}.Release|Any CPU.Build.0 = Release|Any CPU
	EndGlobalSection
	GlobalSection(SolutionProperties) = preSolution
		HideSolutionNode = FALSE
	EndGlobalSection
	GlobalSection(ExtensibilityGlobals) = postSolution
		SolutionGuid = {B0A10170-9DCC-4FA2-A13B-F30324D99026}
	EndGlobalSection
EndGlobal
